
Microsoft Visual Studio Solution File, Format Version 12.00
# Visual Studio Version 16
VisualStudioVersion = 16.0.30523.141
MinimumVisualStudioVersion = 10.0.40219.1
Project("{9A19103F-16F7-4668-BE54-9A1E7A4F7556}") = "Model", "Model\Model.csproj", "{967EB874-E893-41E3-92DA-945DA43769F0}"
EndProject
Project("{9A19103F-16F7-4668-BE54-9A1E7A4F7556}") = "DAL", "DAL\DAL.csproj", "{4B30BFA3-3BFD-4850-8C3C-D6A5D121D377}"
EndProject
Project("{9A19103F-16F7-4668-BE54-9A1E7A4F7556}") = "API", "API\API.csproj", "{D91D43FD-DB5B-438D-B8BA-33F795160BE4}"
EndProject
Project("{9A19103F-16F7-4668-BE54-9A1E7A4F7556}") = "BLL", "BLL\BLL.csproj", "{D298FEA4-DF45-48B9-A7CF-FE588ED61339}"
EndProject
Global
	GlobalSection(SolutionConfigurationPlatforms) = preSolution
		Debug|Any CPU = Debug|Any CPU
		Release|Any CPU = Release|Any CPU
	EndGlobalSection
	GlobalSection(ProjectConfigurationPlatforms) = postSolution
		{967EB874-E893-41E3-92DA-945DA43769F0}.Debug|Any CPU.ActiveCfg = Debug|Any CPU
		{967EB874-E893-41E3-92DA-945DA43769F0}.Debug|Any CPU.Build.0 = Debug|Any CPU
		{967EB874-E893-41E3-92DA-945DA43769F0}.Release|Any CPU.ActiveCfg = Release|Any CPU
		{967EB874-E893-41E3-92DA-945DA43769F0}.Release|Any CPU.Build.0 = Release|Any CPU
		{4B30BFA3-3BFD-4850-8C3C-D6A5D121D377}.Debug|Any CPU.ActiveCfg = Debug|Any CPU
		{4B30BFA3-3BFD-4850-8C3C-D6A5D121D377}.Debug|Any CPU.Build.0 = Debug|Any CPU
		{4B30BFA3-3BFD-4850-8C3C-D6A5D121D377}.Release|Any CPU.ActiveCfg = Release|Any CPU
		{4B30BFA3-3BFD-4850-8C3C-D6A5D121D377}.Release|Any CPU.Build.0 = Release|Any CPU
		{D91D43FD-DB5B-438D-B8BA-33F795160BE4}.Debug|Any CPU.ActiveCfg = Debug|Any CPU
		{D91D43FD-DB5B-438D-B8BA-33F795160BE4}.Debug|Any CPU.Build.0 = Debug|Any CPU
		{D91D43FD-DB5B-438D-B8BA-33F795160BE4}.Release|Any CPU.ActiveCfg = Release|Any CPU
		{D91D43FD-DB5B-438D-B8BA-33F795160BE4}.Release|Any CPU.Build.0 = Release|Any CPU
		{D298FEA4-DF45-48B9-A7CF-FE588ED61339}.Debug|Any CPU.ActiveCfg = Debug|Any CPU
		{D298FEA4-DF45-48B9-A7CF-FE588ED61339}.Debug|Any CPU.Build.0 = Debug|Any CPU
		{D298FEA4-DF45-48B9-A7CF-FE588ED61339}.Release|Any CPU.ActiveCfg = Release|Any CPU
		{D298FEA4-DF45-48B9-A7CF-FE588ED61339}.Release|Any CPU.Build.0 = Release|Any CPU
	EndGlobalSection
	GlobalSection(SolutionProperties) = preSolution
		HideSolutionNode = FALSE
	EndGlobalSection
	GlobalSection(ExtensibilityGlobals) = postSolution
		SolutionGuid = {0C4EFCC0-958C-474D-A49D-85DDE3763FDD}
	EndGlobalSection
EndGlobal
