
Microsoft Visual Studio Solution File, Format Version 12.00
# Visual Studio Version 16
VisualStudioVersion = 16.0.30523.141
MinimumVisualStudioVersion = 10.0.40219.1
Project("{FAE04EC0-301F-11D3-BF4B-00C04F79EFBC}") = "Model", "Model\Model.csproj", "{967EB874-E893-41E3-92DA-945DA43769F0}"
EndProject
Project("{FAE04EC0-301F-11D3-BF4B-00C04F79EFBC}") = "DAL", "DAL\DAL.csproj", "{4B30BFA3-3BFD-4850-8C3C-D6A5D121D377}"
EndProject
Project("{FAE04EC0-301F-11D3-BF4B-00C04F79EFBC}") = "BLL", "BLL\BLL.csproj", "{C46B43D2-7512-4E03-BD83-7FFB9472A569}"
EndProject
Project("{FAE04EC0-301F-11D3-BF4B-00C04F79EFBC}") = "API", "API\API.csproj", "{D91D43FD-DB5B-438D-B8BA-33F795160BE4}"
EndProject
Global
	GlobalSection(SolutionConfigurationPlatforms) = preSolution
		Debug|Any CPU = Debug|Any CPU
		Release|Any CPU = Release|Any CPU
	EndGlobalSection
	GlobalSection(ProjectConfigurationPlatforms) = postSolution
		{967EB874-E893-41E3-92DA-945DA43769F0}.Debug|Any CPU.ActiveCfg = Debug|Any CPU
		{967EB874-E893-41E3-92DA-945DA43769F0}.Debug|Any CPU.Build.0 = Debug|Any CPU
		{967EB874-E893-41E3-92DA-945DA43769F0}.Release|Any CPU.ActiveCfg = Release|Any CPU
		{967EB874-E893-41E3-92DA-945DA43769F0}.Release|Any CPU.Build.0 = Release|Any CPU
		{4B30BFA3-3BFD-4850-8C3C-D6A5D121D377}.Debug|Any CPU.ActiveCfg = Debug|Any CPU
		{4B30BFA3-3BFD-4850-8C3C-D6A5D121D377}.Debug|Any CPU.Build.0 = Debug|Any CPU
		{4B30BFA3-3BFD-4850-8C3C-D6A5D121D377}.Release|Any CPU.ActiveCfg = Release|Any CPU
		{4B30BFA3-3BFD-4850-8C3C-D6A5D121D377}.Release|Any CPU.Build.0 = Release|Any CPU
		{C46B43D2-7512-4E03-BD83-7FFB9472A569}.Debug|Any CPU.ActiveCfg = Debug|Any CPU
		{C46B43D2-7512-4E03-BD83-7FFB9472A569}.Debug|Any CPU.Build.0 = Debug|Any CPU
		{C46B43D2-7512-4E03-BD83-7FFB9472A569}.Release|Any CPU.ActiveCfg = Release|Any CPU
		{C46B43D2-7512-4E03-BD83-7FFB9472A569}.Release|Any CPU.Build.0 = Release|Any CPU
		{D91D43FD-DB5B-438D-B8BA-33F795160BE4}.Debug|Any CPU.ActiveCfg = Debug|Any CPU
		{D91D43FD-DB5B-438D-B8BA-33F795160BE4}.Debug|Any CPU.Build.0 = Debug|Any CPU
		{D91D43FD-DB5B-438D-B8BA-33F795160BE4}.Release|Any CPU.ActiveCfg = Release|Any CPU
		{D91D43FD-DB5B-438D-B8BA-33F795160BE4}.Release|Any CPU.Build.0 = Release|Any CPU
	EndGlobalSection
	GlobalSection(SolutionProperties) = preSolution
		HideSolutionNode = FALSE
	EndGlobalSection
	GlobalSection(ExtensibilityGlobals) = postSolution
		SolutionGuid = {0C4EFCC0-958C-474D-A49D-85DDE3763FDD}
	EndGlobalSection
EndGlobal
